
Microsoft Visual Studio Solution File, Format Version 12.00
# Visual Studio Version 17
VisualStudioVersion = 17.14.36127.28 d17.14
MinimumVisualStudioVersion = 10.0.40219.1
Project("{FAE04EC0-301F-11D3-BF4B-00C04F79EFBC}") = "Demo_Testing.App", "Demo_Testing.App\Demo_Testing.App.csproj", "{7333CC47-666F-4BD3-A634-1DAF647CD600}"
EndProject
Project("{FAE04EC0-301F-11D3-BF4B-00C04F79EFBC}") = "Demo_Testing.BLL", "Demo_Testing.BLL\Demo_Testing.BLL.csproj", "{1375F885-E922-4A4F-A198-310DDD9D4558}"
EndProject
Project("{FAE04EC0-301F-11D3-BF4B-00C04F79EFBC}") = "Demo_Testing.BLL.Test", "Demo_Testing.BLL.Test\Demo_Testing.BLL.Test.csproj", "{101B5BDB-AAB7-460E-BFE0-41EA55164E18}"
EndProject
Global
	GlobalSection(SolutionConfigurationPlatforms) = preSolution
		Debug|Any CPU = Debug|Any CPU
		Release|Any CPU = Release|Any CPU
	EndGlobalSection
	GlobalSection(ProjectConfigurationPlatforms) = postSolution
		{7333CC47-666F-4BD3-A634-1DAF647CD600}.Debug|Any CPU.ActiveCfg = Debug|Any CPU
		{7333CC47-666F-4BD3-A634-1DAF647CD600}.Debug|Any CPU.Build.0 = Debug|Any CPU
		{7333CC47-666F-4BD3-A634-1DAF647CD600}.Release|Any CPU.ActiveCfg = Release|Any CPU
		{7333CC47-666F-4BD3-A634-1DAF647CD600}.Release|Any CPU.Build.0 = Release|Any CPU
		{1375F885-E922-4A4F-A198-310DDD9D4558}.Debug|Any CPU.ActiveCfg = Debug|Any CPU
		{1375F885-E922-4A4F-A198-310DDD9D4558}.Debug|Any CPU.Build.0 = Debug|Any CPU
		{1375F885-E922-4A4F-A198-310DDD9D4558}.Release|Any CPU.ActiveCfg = Release|Any CPU
		{1375F885-E922-4A4F-A198-310DDD9D4558}.Release|Any CPU.Build.0 = Release|Any CPU
		{101B5BDB-AAB7-460E-BFE0-41EA55164E18}.Debug|Any CPU.ActiveCfg = Debug|Any CPU
		{101B5BDB-AAB7-460E-BFE0-41EA55164E18}.Debug|Any CPU.Build.0 = Debug|Any CPU
		{101B5BDB-AAB7-460E-BFE0-41EA55164E18}.Release|Any CPU.ActiveCfg = Release|Any CPU
		{101B5BDB-AAB7-460E-BFE0-41EA55164E18}.Release|Any CPU.Build.0 = Release|Any CPU
	EndGlobalSection
	GlobalSection(SolutionProperties) = preSolution
		HideSolutionNode = FALSE
	EndGlobalSection
	GlobalSection(ExtensibilityGlobals) = postSolution
		SolutionGuid = {580D7948-A21E-49AC-9497-54C501F02A06}
	EndGlobalSection
EndGlobal
